
Microsoft Visual Studio Solution File, Format Version 12.00
# Visual Studio Version 17
VisualStudioVersion = 17.0.31903.59
MinimumVisualStudioVersion = 10.0.40219.1
Project("{2150E333-8FDC-42A3-9474-1A3956D46DE8}") = "src", "src", "{C501396B-B24C-4F9A-85A1-0C8044C3D823}"
EndProject
Project("{2150E333-8FDC-42A3-9474-1A3956D46DE8}") = "Core", "Core", "{5FEA96E7-D29F-4C8C-9830-6103BF8EA449}"
EndProject
Project("{9A19103F-16F7-4668-BE54-9A1E7A4F7556}") = "DataMigration.Domain", "src\Core\DataMigration.Domain\DataMigration.Domain.csproj", "{F19B1DDB-B37F-4DA7-9097-BCD8DF48624F}"
EndProject
Project("{9A19103F-16F7-4668-BE54-9A1E7A4F7556}") = "DataMigration.Application", "src\Core\DataMigration.Application\DataMigration.Application.csproj", "{AB3F8B1D-3F59-457C-B6C6-212FFAF63850}"
EndProject
Project("{9A19103F-16F7-4668-BE54-9A1E7A4F7556}") = "DataMigration.Infrastructure", "src\Core\DataMigration.Infrastructure\DataMigration.Infrastructure.csproj", "{62F57991-57BA-46C2-A4DE-4E72C07921CB}"
EndProject
Project("{2150E333-8FDC-42A3-9474-1A3956D46DE8}") = "Shared", "Shared", "{55F85C6A-4187-4010-8668-49A27FDD6832}"
EndProject
Project("{9A19103F-16F7-4668-BE54-9A1E7A4F7556}") = "DataMigration.Common", "src\Shared\DataMigration.Common\DataMigration.Common.csproj", "{B0EC0B75-30B6-4E39-84D3-883FDDB2C161}"
EndProject
Project("{9A19103F-16F7-4668-BE54-9A1E7A4F7556}") = "DataMigration.Testing", "src\Shared\DataMigration.Testing\DataMigration.Testing.csproj", "{56B56BDC-CEB6-4D8D-BEA6-8DC4C397410E}"
EndProject
Project("{2150E333-8FDC-42A3-9474-1A3956D46DE8}") = "Presentation", "Presentation", "{906DECFA-0FF3-4519-B52D-A068966E1DF4}"
EndProject
Project("{9A19103F-16F7-4668-BE54-9A1E7A4F7556}") = "DataMigration.Api", "src\Presentation\DataMigration.Api\DataMigration.Api.csproj", "{FE28CF36-9226-47B1-9E92-8EAC140728F2}"
EndProject
Project("{9A19103F-16F7-4668-BE54-9A1E7A4F7556}") = "DataMigration.Admin", "src\Presentation\DataMigration.Admin\DataMigration.Admin.csproj", "{2646F6FC-A825-4549-901D-903696DA3088}"
EndProject
Project("{2150E333-8FDC-42A3-9474-1A3956D46DE8}") = "Tests", "Tests", "{61DC05DF-1570-4AEB-92E0-7700E2F9E014}"
EndProject
Project("{9A19103F-16F7-4668-BE54-9A1E7A4F7556}") = "DataMigration.UnitTests", "src\Tests\DataMigration.UnitTests\DataMigration.UnitTests.csproj", "{E1ACDE0D-1766-4E86-BE51-2B667BFDF637}"
EndProject
Project("{9A19103F-16F7-4668-BE54-9A1E7A4F7556}") = "DataMigration.IntegrationTests", "src\Tests\DataMigration.IntegrationTests\DataMigration.IntegrationTests.csproj", "{162D4D09-FCBA-4907-BE87-92B1CAB564D2}"
EndProject
Project("{9A19103F-16F7-4668-BE54-9A1E7A4F7556}") = "DataMigration.E2ETests", "src\Tests\DataMigration.E2ETests\DataMigration.E2ETests.csproj", "{82DFE8D3-541D-4302-BB45-7EBC6EBC78D4}"
EndProject
Global
	GlobalSection(SolutionConfigurationPlatforms) = preSolution
		Debug|Any CPU = Debug|Any CPU
		Release|Any CPU = Release|Any CPU
	EndGlobalSection
	GlobalSection(ProjectConfigurationPlatforms) = postSolution
		{F19B1DDB-B37F-4DA7-9097-BCD8DF48624F}.Debug|Any CPU.ActiveCfg = Debug|Any CPU
		{F19B1DDB-B37F-4DA7-9097-BCD8DF48624F}.Debug|Any CPU.Build.0 = Debug|Any CPU
		{F19B1DDB-B37F-4DA7-9097-BCD8DF48624F}.Release|Any CPU.ActiveCfg = Release|Any CPU
		{F19B1DDB-B37F-4DA7-9097-BCD8DF48624F}.Release|Any CPU.Build.0 = Release|Any CPU
		{AB3F8B1D-3F59-457C-B6C6-212FFAF63850}.Debug|Any CPU.ActiveCfg = Debug|Any CPU
		{AB3F8B1D-3F59-457C-B6C6-212FFAF63850}.Debug|Any CPU.Build.0 = Debug|Any CPU
		{AB3F8B1D-3F59-457C-B6C6-212FFAF63850}.Release|Any CPU.ActiveCfg = Release|Any CPU
		{AB3F8B1D-3F59-457C-B6C6-212FFAF63850}.Release|Any CPU.Build.0 = Release|Any CPU
		{62F57991-57BA-46C2-A4DE-4E72C07921CB}.Debug|Any CPU.ActiveCfg = Debug|Any CPU
		{62F57991-57BA-46C2-A4DE-4E72C07921CB}.Debug|Any CPU.Build.0 = Debug|Any CPU
		{62F57991-57BA-46C2-A4DE-4E72C07921CB}.Release|Any CPU.ActiveCfg = Release|Any CPU
		{62F57991-57BA-46C2-A4DE-4E72C07921CB}.Release|Any CPU.Build.0 = Release|Any CPU
		{B0EC0B75-30B6-4E39-84D3-883FDDB2C161}.Debug|Any CPU.ActiveCfg = Debug|Any CPU
		{B0EC0B75-30B6-4E39-84D3-883FDDB2C161}.Debug|Any CPU.Build.0 = Debug|Any CPU
		{B0EC0B75-30B6-4E39-84D3-883FDDB2C161}.Release|Any CPU.ActiveCfg = Release|Any CPU
		{B0EC0B75-30B6-4E39-84D3-883FDDB2C161}.Release|Any CPU.Build.0 = Release|Any CPU
		{56B56BDC-CEB6-4D8D-BEA6-8DC4C397410E}.Debug|Any CPU.ActiveCfg = Debug|Any CPU
		{56B56BDC-CEB6-4D8D-BEA6-8DC4C397410E}.Debug|Any CPU.Build.0 = Debug|Any CPU
		{56B56BDC-CEB6-4D8D-BEA6-8DC4C397410E}.Release|Any CPU.ActiveCfg = Release|Any CPU
		{56B56BDC-CEB6-4D8D-BEA6-8DC4C397410E}.Release|Any CPU.Build.0 = Release|Any CPU
		{FE28CF36-9226-47B1-9E92-8EAC140728F2}.Debug|Any CPU.ActiveCfg = Debug|Any CPU
		{FE28CF36-9226-47B1-9E92-8EAC140728F2}.Debug|Any CPU.Build.0 = Debug|Any CPU
		{FE28CF36-9226-47B1-9E92-8EAC140728F2}.Release|Any CPU.ActiveCfg = Release|Any CPU
		{FE28CF36-9226-47B1-9E92-8EAC140728F2}.Release|Any CPU.Build.0 = Release|Any CPU
		{2646F6FC-A825-4549-901D-903696DA3088}.Debug|Any CPU.ActiveCfg = Debug|Any CPU
		{2646F6FC-A825-4549-901D-903696DA3088}.Debug|Any CPU.Build.0 = Debug|Any CPU
		{2646F6FC-A825-4549-901D-903696DA3088}.Release|Any CPU.ActiveCfg = Release|Any CPU
		{2646F6FC-A825-4549-901D-903696DA3088}.Release|Any CPU.Build.0 = Release|Any CPU
		{E1ACDE0D-1766-4E86-BE51-2B667BFDF637}.Debug|Any CPU.ActiveCfg = Debug|Any CPU
		{E1ACDE0D-1766-4E86-BE51-2B667BFDF637}.Debug|Any CPU.Build.0 = Debug|Any CPU
		{E1ACDE0D-1766-4E86-BE51-2B667BFDF637}.Release|Any CPU.ActiveCfg = Release|Any CPU
		{E1ACDE0D-1766-4E86-BE51-2B667BFDF637}.Release|Any CPU.Build.0 = Release|Any CPU
		{162D4D09-FCBA-4907-BE87-92B1CAB564D2}.Debug|Any CPU.ActiveCfg = Debug|Any CPU
		{162D4D09-FCBA-4907-BE87-92B1CAB564D2}.Debug|Any CPU.Build.0 = Debug|Any CPU
		{162D4D09-FCBA-4907-BE87-92B1CAB564D2}.Release|Any CPU.ActiveCfg = Release|Any CPU
		{162D4D09-FCBA-4907-BE87-92B1CAB564D2}.Release|Any CPU.Build.0 = Release|Any CPU
		{82DFE8D3-541D-4302-BB45-7EBC6EBC78D4}.Debug|Any CPU.ActiveCfg = Debug|Any CPU
		{82DFE8D3-541D-4302-BB45-7EBC6EBC78D4}.Debug|Any CPU.Build.0 = Debug|Any CPU
		{82DFE8D3-541D-4302-BB45-7EBC6EBC78D4}.Release|Any CPU.ActiveCfg = Release|Any CPU
		{82DFE8D3-541D-4302-BB45-7EBC6EBC78D4}.Release|Any CPU.Build.0 = Release|Any CPU
	EndGlobalSection
	GlobalSection(SolutionProperties) = preSolution
		HideSolutionNode = FALSE
	EndGlobalSection
	GlobalSection(NestedProjects) = preSolution
		{5FEA96E7-D29F-4C8C-9830-6103BF8EA449} = {C501396B-B24C-4F9A-85A1-0C8044C3D823}
		{F19B1DDB-B37F-4DA7-9097-BCD8DF48624F} = {5FEA96E7-D29F-4C8C-9830-6103BF8EA449}
		{AB3F8B1D-3F59-457C-B6C6-212FFAF63850} = {5FEA96E7-D29F-4C8C-9830-6103BF8EA449}
		{62F57991-57BA-46C2-A4DE-4E72C07921CB} = {5FEA96E7-D29F-4C8C-9830-6103BF8EA449}
		{55F85C6A-4187-4010-8668-49A27FDD6832} = {C501396B-B24C-4F9A-85A1-0C8044C3D823}
		{B0EC0B75-30B6-4E39-84D3-883FDDB2C161} = {55F85C6A-4187-4010-8668-49A27FDD6832}
		{56B56BDC-CEB6-4D8D-BEA6-8DC4C397410E} = {55F85C6A-4187-4010-8668-49A27FDD6832}
		{906DECFA-0FF3-4519-B52D-A068966E1DF4} = {C501396B-B24C-4F9A-85A1-0C8044C3D823}
		{FE28CF36-9226-47B1-9E92-8EAC140728F2} = {906DECFA-0FF3-4519-B52D-A068966E1DF4}
		{2646F6FC-A825-4549-901D-903696DA3088} = {906DECFA-0FF3-4519-B52D-A068966E1DF4}
		{61DC05DF-1570-4AEB-92E0-7700E2F9E014} = {C501396B-B24C-4F9A-85A1-0C8044C3D823}
		{E1ACDE0D-1766-4E86-BE51-2B667BFDF637} = {61DC05DF-1570-4AEB-92E0-7700E2F9E014}
		{162D4D09-FCBA-4907-BE87-92B1CAB564D2} = {61DC05DF-1570-4AEB-92E0-7700E2F9E014}
		{82DFE8D3-541D-4302-BB45-7EBC6EBC78D4} = {61DC05DF-1570-4AEB-92E0-7700E2F9E014}
	EndGlobalSection
	GlobalSection(ExtensibilityGlobals) = postSolution
		SolutionGuid = {3C383B6E-B389-48C0-809F-B68F2089A552}
	EndGlobalSection
EndGlobal
